
Microsoft Visual Studio Solution File, Format Version 12.00
# Visual Studio Version 17
VisualStudioVersion = 17.4.33205.214
MinimumVisualStudioVersion = 10.0.40219.1
Project("{FAE04EC0-301F-11D3-BF4B-00C04F79EFBC}") = "WpfApp1", "WpfApp1\WpfApp1.csproj", "{EC1F17EA-CA39-4083-9AAD-EE1213BFB795}"
EndProject
Global
	GlobalSection(SolutionConfigurationPlatforms) = preSolution
		Debug|Any CPU = Debug|Any CPU
		Release|Any CPU = Release|Any CPU
	EndGlobalSection
	GlobalSection(ProjectConfigurationPlatforms) = postSolution
		{EC1F17EA-CA39-4083-9AAD-EE1213BFB795}.Debug|Any CPU.ActiveCfg = Debug|Any CPU
		{EC1F17EA-CA39-4083-9AAD-EE1213BFB795}.Debug|Any CPU.Build.0 = Debug|Any CPU
		{EC1F17EA-CA39-4083-9AAD-EE1213BFB795}.Release|Any CPU.ActiveCfg = Release|Any CPU
		{EC1F17EA-CA39-4083-9AAD-EE1213BFB795}.Release|Any CPU.Build.0 = Release|Any CPU
	EndGlobalSection
	GlobalSection(SolutionProperties) = preSolution
		HideSolutionNode = FALSE
	EndGlobalSection
	GlobalSection(ExtensibilityGlobals) = postSolution
		SolutionGuid = {466BFA6B-902B-4DF3-B308-F68C09FAD02B}
	EndGlobalSection
EndGlobal
